// !$*UTF8*$!
{
	archiveVersion = 1;
	classes = {
	};
	objectVersion = 51;
	objects = {

/* Begin PBXBuildFile section */
		5E0F718024D415E900BB64DF /* RealmDataManager.swift in Sources */ = {isa = PBXBuildFile; fileRef = 5E0F717F24D415E900BB64DF /* RealmDataManager.swift */; };
		5E0F718224D4A2C600BB64DF /* CoreDataPublisher.swift in Sources */ = {isa = PBXBuildFile; fileRef = 5E0F718124D4A2C600BB64DF /* CoreDataPublisher.swift */; };
		5E4F5F5124C4DD7500F4AC86 /* UrlUtility.swift in Sources */ = {isa = PBXBuildFile; fileRef = 5E4F5F5024C4DD7500F4AC86 /* UrlUtility.swift */; };
		5E4F5F5324C4E73E00F4AC86 /* NetworkService.swift in Sources */ = {isa = PBXBuildFile; fileRef = 5E4F5F5224C4E73E00F4AC86 /* NetworkService.swift */; };
		5E4F5F5524C5775600F4AC86 /* MovieModel.swift in Sources */ = {isa = PBXBuildFile; fileRef = 5E4F5F5424C5775600F4AC86 /* MovieModel.swift */; };
		5E4F5F5724C70C3900F4AC86 /* MovieListRow.swift in Sources */ = {isa = PBXBuildFile; fileRef = 5E4F5F5624C70C3900F4AC86 /* MovieListRow.swift */; };
		5E4F5F5924C710EC00F4AC86 /* MovieListViewModel.swift in Sources */ = {isa = PBXBuildFile; fileRef = 5E4F5F5824C710EC00F4AC86 /* MovieListViewModel.swift */; };
		5E4F5F5B24C84C2400F4AC86 /* LazyImageView.swift in Sources */ = {isa = PBXBuildFile; fileRef = 5E4F5F5A24C84C2400F4AC86 /* LazyImageView.swift */; };
		5E4F5F5D24C8504300F4AC86 /* ImageLoadService.swift in Sources */ = {isa = PBXBuildFile; fileRef = 5E4F5F5C24C8504300F4AC86 /* ImageLoadService.swift */; };
		5E52FC6B24C18B3D0050A5B7 /* RTTabView.swift in Sources */ = {isa = PBXBuildFile; fileRef = 5E52FC6A24C18B3D0050A5B7 /* RTTabView.swift */; };
		5E52FC6D24C195080050A5B7 /* HomeView.swift in Sources */ = {isa = PBXBuildFile; fileRef = 5E52FC6C24C195080050A5B7 /* HomeView.swift */; };
		5E52FC6F24C195150050A5B7 /* SearchView.swift in Sources */ = {isa = PBXBuildFile; fileRef = 5E52FC6E24C195150050A5B7 /* SearchView.swift */; };
		5E52FC7124C195290050A5B7 /* WatchListView.swift in Sources */ = {isa = PBXBuildFile; fileRef = 5E52FC7024C195290050A5B7 /* WatchListView.swift */; };
		5E52FC7324C1953E0050A5B7 /* FavouritesListView.swift in Sources */ = {isa = PBXBuildFile; fileRef = 5E52FC7224C1953E0050A5B7 /* FavouritesListView.swift */; };
		5E52FC7524C195570050A5B7 /* SettingsView.swift in Sources */ = {isa = PBXBuildFile; fileRef = 5E52FC7424C195570050A5B7 /* SettingsView.swift */; };
		5E5CB2B424BD95FE0032C3B1 /* AppDelegate.swift in Sources */ = {isa = PBXBuildFile; fileRef = 5E5CB2B324BD95FE0032C3B1 /* AppDelegate.swift */; };
		5E5CB2B624BD95FE0032C3B1 /* SceneDelegate.swift in Sources */ = {isa = PBXBuildFile; fileRef = 5E5CB2B524BD95FE0032C3B1 /* SceneDelegate.swift */; };
		5E5CB2BA24BD96010032C3B1 /* Assets.xcassets in Resources */ = {isa = PBXBuildFile; fileRef = 5E5CB2B924BD96010032C3B1 /* Assets.xcassets */; };
		5E5CB2BD24BD96010032C3B1 /* Preview Assets.xcassets in Resources */ = {isa = PBXBuildFile; fileRef = 5E5CB2BC24BD96010032C3B1 /* Preview Assets.xcassets */; };
		5E5CB2C024BD96010032C3B1 /* LaunchScreen.storyboard in Resources */ = {isa = PBXBuildFile; fileRef = 5E5CB2BE24BD96010032C3B1 /* LaunchScreen.storyboard */; };
		5E5CB2CB24BD96010032C3B1 /* RomatoTests.swift in Sources */ = {isa = PBXBuildFile; fileRef = 5E5CB2CA24BD96010032C3B1 /* RomatoTests.swift */; };
		5E5CB2D624BD96010032C3B1 /* RomatoUITests.swift in Sources */ = {isa = PBXBuildFile; fileRef = 5E5CB2D524BD96010032C3B1 /* RomatoUITests.swift */; };
		5EE7BD3E24CEDB91009256A5 /* URLSession+Extension.swift in Sources */ = {isa = PBXBuildFile; fileRef = 5EE7BD3D24CEDB91009256A5 /* URLSession+Extension.swift */; };
		5EE7BD4024CF062F009256A5 /* PosterImage.swift in Sources */ = {isa = PBXBuildFile; fileRef = 5EE7BD3F24CF062F009256A5 /* PosterImage.swift */; };
		5EE7BD4924D0027D009256A5 /* RTActivityIndicatorView.swift in Sources */ = {isa = PBXBuildFile; fileRef = 5EE7BD4824D0027D009256A5 /* RTActivityIndicatorView.swift */; };
		741D40BF5437D23B478F8D5F /* Pods_RomatoTests.framework in Frameworks */ = {isa = PBXBuildFile; fileRef = 4A1FC5588C4CC8DDD02D0F5B /* Pods_RomatoTests.framework */; };
		BFA2E327D749DD2E426D1D85 /* Pods_Romato.framework in Frameworks */ = {isa = PBXBuildFile; fileRef = 27F1CCAB8BCF9F172CD072E2 /* Pods_Romato.framework */; };
		F6D58EC98467C1B3F788048E /* Pods_Romato_RomatoUITests.framework in Frameworks */ = {isa = PBXBuildFile; fileRef = 4616CF75A7DF99E2137B4B6D /* Pods_Romato_RomatoUITests.framework */; };
/* End PBXBuildFile section */

/* Begin PBXContainerItemProxy section */
		5E5CB2C724BD96010032C3B1 /* PBXContainerItemProxy */ = {
			isa = PBXContainerItemProxy;
			containerPortal = 5E5CB2A824BD95FE0032C3B1 /* Project object */;
			proxyType = 1;
			remoteGlobalIDString = 5E5CB2AF24BD95FE0032C3B1;
			remoteInfo = Romato;
		};
		5E5CB2D224BD96010032C3B1 /* PBXContainerItemProxy */ = {
			isa = PBXContainerItemProxy;
			containerPortal = 5E5CB2A824BD95FE0032C3B1 /* Project object */;
			proxyType = 1;
			remoteGlobalIDString = 5E5CB2AF24BD95FE0032C3B1;
			remoteInfo = Romato;
		};
/* End PBXContainerItemProxy section */

/* Begin PBXFileReference section */
		25EE694A440B80CE981CD1F7 /* Pods-Romato.release.xcconfig */ = {isa = PBXFileReference; includeInIndex = 1; lastKnownFileType = text.xcconfig; name = "Pods-Romato.release.xcconfig"; path = "Target Support Files/Pods-Romato/Pods-Romato.release.xcconfig"; sourceTree = "<group>"; };
		27F1CCAB8BCF9F172CD072E2 /* Pods_Romato.framework */ = {isa = PBXFileReference; explicitFileType = wrapper.framework; includeInIndex = 0; path = Pods_Romato.framework; sourceTree = BUILT_PRODUCTS_DIR; };
		43B752BA89A66C22CAF6BE08 /* Pods-RomatoTests.release.xcconfig */ = {isa = PBXFileReference; includeInIndex = 1; lastKnownFileType = text.xcconfig; name = "Pods-RomatoTests.release.xcconfig"; path = "Target Support Files/Pods-RomatoTests/Pods-RomatoTests.release.xcconfig"; sourceTree = "<group>"; };
		4616CF75A7DF99E2137B4B6D /* Pods_Romato_RomatoUITests.framework */ = {isa = PBXFileReference; explicitFileType = wrapper.framework; includeInIndex = 0; path = Pods_Romato_RomatoUITests.framework; sourceTree = BUILT_PRODUCTS_DIR; };
		4A1FC5588C4CC8DDD02D0F5B /* Pods_RomatoTests.framework */ = {isa = PBXFileReference; explicitFileType = wrapper.framework; includeInIndex = 0; path = Pods_RomatoTests.framework; sourceTree = BUILT_PRODUCTS_DIR; };
		5E0F717F24D415E900BB64DF /* RealmDataManager.swift */ = {isa = PBXFileReference; lastKnownFileType = sourcecode.swift; path = RealmDataManager.swift; sourceTree = "<group>"; };
		5E0F718124D4A2C600BB64DF /* CoreDataPublisher.swift */ = {isa = PBXFileReference; lastKnownFileType = sourcecode.swift; path = CoreDataPublisher.swift; sourceTree = "<group>"; };
		5E4F5F5024C4DD7500F4AC86 /* UrlUtility.swift */ = {isa = PBXFileReference; lastKnownFileType = sourcecode.swift; path = UrlUtility.swift; sourceTree = "<group>"; };
		5E4F5F5224C4E73E00F4AC86 /* NetworkService.swift */ = {isa = PBXFileReference; lastKnownFileType = sourcecode.swift; path = NetworkService.swift; sourceTree = "<group>"; };
		5E4F5F5424C5775600F4AC86 /* MovieModel.swift */ = {isa = PBXFileReference; lastKnownFileType = sourcecode.swift; path = MovieModel.swift; sourceTree = "<group>"; };
		5E4F5F5624C70C3900F4AC86 /* MovieListRow.swift */ = {isa = PBXFileReference; lastKnownFileType = sourcecode.swift; path = MovieListRow.swift; sourceTree = "<group>"; };
		5E4F5F5824C710EC00F4AC86 /* MovieListViewModel.swift */ = {isa = PBXFileReference; lastKnownFileType = sourcecode.swift; path = MovieListViewModel.swift; sourceTree = "<group>"; };
		5E4F5F5A24C84C2400F4AC86 /* LazyImageView.swift */ = {isa = PBXFileReference; lastKnownFileType = sourcecode.swift; path = LazyImageView.swift; sourceTree = "<group>"; };
		5E4F5F5C24C8504300F4AC86 /* ImageLoadService.swift */ = {isa = PBXFileReference; lastKnownFileType = sourcecode.swift; path = ImageLoadService.swift; sourceTree = "<group>"; };
		5E52FC6A24C18B3D0050A5B7 /* RTTabView.swift */ = {isa = PBXFileReference; lastKnownFileType = sourcecode.swift; path = RTTabView.swift; sourceTree = "<group>"; };
		5E52FC6C24C195080050A5B7 /* HomeView.swift */ = {isa = PBXFileReference; lastKnownFileType = sourcecode.swift; path = HomeView.swift; sourceTree = "<group>"; };
		5E52FC6E24C195150050A5B7 /* SearchView.swift */ = {isa = PBXFileReference; lastKnownFileType = sourcecode.swift; path = SearchView.swift; sourceTree = "<group>"; };
		5E52FC7024C195290050A5B7 /* WatchListView.swift */ = {isa = PBXFileReference; lastKnownFileType = sourcecode.swift; path = WatchListView.swift; sourceTree = "<group>"; };
		5E52FC7224C1953E0050A5B7 /* FavouritesListView.swift */ = {isa = PBXFileReference; lastKnownFileType = sourcecode.swift; path = FavouritesListView.swift; sourceTree = "<group>"; };
		5E52FC7424C195570050A5B7 /* SettingsView.swift */ = {isa = PBXFileReference; lastKnownFileType = sourcecode.swift; path = SettingsView.swift; sourceTree = "<group>"; };
		5E5CB2B024BD95FE0032C3B1 /* Romato.app */ = {isa = PBXFileReference; explicitFileType = wrapper.application; includeInIndex = 0; path = Romato.app; sourceTree = BUILT_PRODUCTS_DIR; };
		5E5CB2B324BD95FE0032C3B1 /* AppDelegate.swift */ = {isa = PBXFileReference; lastKnownFileType = sourcecode.swift; path = AppDelegate.swift; sourceTree = "<group>"; };
		5E5CB2B524BD95FE0032C3B1 /* SceneDelegate.swift */ = {isa = PBXFileReference; lastKnownFileType = sourcecode.swift; path = SceneDelegate.swift; sourceTree = "<group>"; };
		5E5CB2B924BD96010032C3B1 /* Assets.xcassets */ = {isa = PBXFileReference; lastKnownFileType = folder.assetcatalog; path = Assets.xcassets; sourceTree = "<group>"; };
		5E5CB2BC24BD96010032C3B1 /* Preview Assets.xcassets */ = {isa = PBXFileReference; lastKnownFileType = folder.assetcatalog; path = "Preview Assets.xcassets"; sourceTree = "<group>"; };
		5E5CB2BF24BD96010032C3B1 /* Base */ = {isa = PBXFileReference; lastKnownFileType = file.storyboard; name = Base; path = Base.lproj/LaunchScreen.storyboard; sourceTree = "<group>"; };
		5E5CB2C124BD96010032C3B1 /* Info.plist */ = {isa = PBXFileReference; lastKnownFileType = text.plist.xml; path = Info.plist; sourceTree = "<group>"; };
		5E5CB2C624BD96010032C3B1 /* RomatoTests.xctest */ = {isa = PBXFileReference; explicitFileType = wrapper.cfbundle; includeInIndex = 0; path = RomatoTests.xctest; sourceTree = BUILT_PRODUCTS_DIR; };
		5E5CB2CA24BD96010032C3B1 /* RomatoTests.swift */ = {isa = PBXFileReference; lastKnownFileType = sourcecode.swift; path = RomatoTests.swift; sourceTree = "<group>"; };
		5E5CB2CC24BD96010032C3B1 /* Info.plist */ = {isa = PBXFileReference; lastKnownFileType = text.plist.xml; path = Info.plist; sourceTree = "<group>"; };
		5E5CB2D124BD96010032C3B1 /* RomatoUITests.xctest */ = {isa = PBXFileReference; explicitFileType = wrapper.cfbundle; includeInIndex = 0; path = RomatoUITests.xctest; sourceTree = BUILT_PRODUCTS_DIR; };
		5E5CB2D524BD96010032C3B1 /* RomatoUITests.swift */ = {isa = PBXFileReference; lastKnownFileType = sourcecode.swift; path = RomatoUITests.swift; sourceTree = "<group>"; };
		5E5CB2D724BD96010032C3B1 /* Info.plist */ = {isa = PBXFileReference; lastKnownFileType = text.plist.xml; path = Info.plist; sourceTree = "<group>"; };
		5EE7BD3D24CEDB91009256A5 /* URLSession+Extension.swift */ = {isa = PBXFileReference; lastKnownFileType = sourcecode.swift; path = "URLSession+Extension.swift"; sourceTree = "<group>"; };
		5EE7BD3F24CF062F009256A5 /* PosterImage.swift */ = {isa = PBXFileReference; lastKnownFileType = sourcecode.swift; path = PosterImage.swift; sourceTree = "<group>"; };
		5EE7BD4824D0027D009256A5 /* RTActivityIndicatorView.swift */ = {isa = PBXFileReference; lastKnownFileType = sourcecode.swift; path = RTActivityIndicatorView.swift; sourceTree = "<group>"; };
		93758230FD834D69B0C0F44F /* Pods-Romato.debug.xcconfig */ = {isa = PBXFileReference; includeInIndex = 1; lastKnownFileType = text.xcconfig; name = "Pods-Romato.debug.xcconfig"; path = "Target Support Files/Pods-Romato/Pods-Romato.debug.xcconfig"; sourceTree = "<group>"; };
		CA2E04F9BD394CFD989521FC /* Pods-RomatoTests.debug.xcconfig */ = {isa = PBXFileReference; includeInIndex = 1; lastKnownFileType = text.xcconfig; name = "Pods-RomatoTests.debug.xcconfig"; path = "Target Support Files/Pods-RomatoTests/Pods-RomatoTests.debug.xcconfig"; sourceTree = "<group>"; };
		D0516CDCA7E22E63CFFFC97B /* Pods-Romato-RomatoUITests.release.xcconfig */ = {isa = PBXFileReference; includeInIndex = 1; lastKnownFileType = text.xcconfig; name = "Pods-Romato-RomatoUITests.release.xcconfig"; path = "Target Support Files/Pods-Romato-RomatoUITests/Pods-Romato-RomatoUITests.release.xcconfig"; sourceTree = "<group>"; };
		E399E69B9839BCC2201E657E /* Pods-Romato-RomatoUITests.debug.xcconfig */ = {isa = PBXFileReference; includeInIndex = 1; lastKnownFileType = text.xcconfig; name = "Pods-Romato-RomatoUITests.debug.xcconfig"; path = "Target Support Files/Pods-Romato-RomatoUITests/Pods-Romato-RomatoUITests.debug.xcconfig"; sourceTree = "<group>"; };
/* End PBXFileReference section */

/* Begin PBXFrameworksBuildPhase section */
		5E5CB2AD24BD95FE0032C3B1 /* Frameworks */ = {
			isa = PBXFrameworksBuildPhase;
			buildActionMask = 2147483647;
			files = (
				BFA2E327D749DD2E426D1D85 /* Pods_Romato.framework in Frameworks */,
			);
			runOnlyForDeploymentPostprocessing = 0;
		};
		5E5CB2C324BD96010032C3B1 /* Frameworks */ = {
			isa = PBXFrameworksBuildPhase;
			buildActionMask = 2147483647;
			files = (
				741D40BF5437D23B478F8D5F /* Pods_RomatoTests.framework in Frameworks */,
			);
			runOnlyForDeploymentPostprocessing = 0;
		};
		5E5CB2CE24BD96010032C3B1 /* Frameworks */ = {
			isa = PBXFrameworksBuildPhase;
			buildActionMask = 2147483647;
			files = (
				F6D58EC98467C1B3F788048E /* Pods_Romato_RomatoUITests.framework in Frameworks */,
			);
			runOnlyForDeploymentPostprocessing = 0;
		};
/* End PBXFrameworksBuildPhase section */

/* Begin PBXGroup section */
		5E0F717E24D413B000BB64DF /* DataCaching */ = {
			isa = PBXGroup;
			children = (
				5E0F717F24D415E900BB64DF /* RealmDataManager.swift */,
				5E0F718124D4A2C600BB64DF /* CoreDataPublisher.swift */,
			);
			path = DataCaching;
			sourceTree = "<group>";
		};
		5E5CB2A724BD95FE0032C3B1 = {
			isa = PBXGroup;
			children = (
				5E5CB2B224BD95FE0032C3B1 /* Romato */,
				5E5CB2C924BD96010032C3B1 /* RomatoTests */,
				5E5CB2D424BD96010032C3B1 /* RomatoUITests */,
				5E5CB2B124BD95FE0032C3B1 /* Products */,
				6B920CC859781AEDEE000CDF /* Pods */,
				CA76F2EAA37538670F4835AA /* Frameworks */,
			);
			sourceTree = "<group>";
		};
		5E5CB2B124BD95FE0032C3B1 /* Products */ = {
			isa = PBXGroup;
			children = (
				5E5CB2B024BD95FE0032C3B1 /* Romato.app */,
				5E5CB2C624BD96010032C3B1 /* RomatoTests.xctest */,
				5E5CB2D124BD96010032C3B1 /* RomatoUITests.xctest */,
			);
			name = Products;
			sourceTree = "<group>";
		};
		5E5CB2B224BD95FE0032C3B1 /* Romato */ = {
			isa = PBXGroup;
			children = (
				5E5CB2E324BDD8440032C3B1 /* CustomViews */,
				5E0F717E24D413B000BB64DF /* DataCaching */,
				5EE7BD3C24CEDB6B009256A5 /* Extensions */,
				5E5CB2E424BDD8520032C3B1 /* Models */,
				5EE7BD4724D0021A009256A5 /* Screens */,
				5E5CB2E724C049BA0032C3B1 /* Utilities */,
				5E5CB2E524BDD85D0032C3B1 /* ViewModels */,
				5E5CB2E624C049990032C3B1 /* WebServices */,
				5E5CB2B324BD95FE0032C3B1 /* AppDelegate.swift */,
				5E5CB2B524BD95FE0032C3B1 /* SceneDelegate.swift */,
				5E5CB2B924BD96010032C3B1 /* Assets.xcassets */,
				5E5CB2BE24BD96010032C3B1 /* LaunchScreen.storyboard */,
				5E5CB2C124BD96010032C3B1 /* Info.plist */,
				5E5CB2BB24BD96010032C3B1 /* Preview Content */,
			);
			path = Romato;
			sourceTree = "<group>";
		};
		5E5CB2BB24BD96010032C3B1 /* Preview Content */ = {
			isa = PBXGroup;
			children = (
				5E5CB2BC24BD96010032C3B1 /* Preview Assets.xcassets */,
			);
			path = "Preview Content";
			sourceTree = "<group>";
		};
		5E5CB2C924BD96010032C3B1 /* RomatoTests */ = {
			isa = PBXGroup;
			children = (
				5E5CB2CA24BD96010032C3B1 /* RomatoTests.swift */,
				5E5CB2CC24BD96010032C3B1 /* Info.plist */,
			);
			path = RomatoTests;
			sourceTree = "<group>";
		};
		5E5CB2D424BD96010032C3B1 /* RomatoUITests */ = {
			isa = PBXGroup;
			children = (
				5E5CB2D524BD96010032C3B1 /* RomatoUITests.swift */,
				5E5CB2D724BD96010032C3B1 /* Info.plist */,
			);
			path = RomatoUITests;
			sourceTree = "<group>";
		};
		5E5CB2E324BDD8440032C3B1 /* CustomViews */ = {
			isa = PBXGroup;
			children = (
				5E52FC6A24C18B3D0050A5B7 /* RTTabView.swift */,
				5E4F5F5A24C84C2400F4AC86 /* LazyImageView.swift */,
				5EE7BD4824D0027D009256A5 /* RTActivityIndicatorView.swift */,
			);
			path = CustomViews;
			sourceTree = "<group>";
		};
		5E5CB2E424BDD8520032C3B1 /* Models */ = {
			isa = PBXGroup;
			children = (
				5E4F5F5424C5775600F4AC86 /* MovieModel.swift */,
			);
			path = Models;
			sourceTree = "<group>";
		};
		5E5CB2E524BDD85D0032C3B1 /* ViewModels */ = {
			isa = PBXGroup;
			children = (
				5E4F5F5824C710EC00F4AC86 /* MovieListViewModel.swift */,
			);
			path = ViewModels;
			sourceTree = "<group>";
		};
		5E5CB2E624C049990032C3B1 /* WebServices */ = {
			isa = PBXGroup;
			children = (
				5E4F5F5224C4E73E00F4AC86 /* NetworkService.swift */,
				5E4F5F5C24C8504300F4AC86 /* ImageLoadService.swift */,
			);
			path = WebServices;
			sourceTree = "<group>";
		};
		5E5CB2E724C049BA0032C3B1 /* Utilities */ = {
			isa = PBXGroup;
			children = (
				5E4F5F5024C4DD7500F4AC86 /* UrlUtility.swift */,
				5EE7BD3F24CF062F009256A5 /* PosterImage.swift */,
			);
			path = Utilities;
			sourceTree = "<group>";
		};
		5EE7BD3C24CEDB6B009256A5 /* Extensions */ = {
			isa = PBXGroup;
			children = (
				5EE7BD3D24CEDB91009256A5 /* URLSession+Extension.swift */,
			);
			path = Extensions;
			sourceTree = "<group>";
		};
		5EE7BD4724D0021A009256A5 /* Screens */ = {
			isa = PBXGroup;
			children = (
				5E52FC6C24C195080050A5B7 /* HomeView.swift */,
				5E52FC6E24C195150050A5B7 /* SearchView.swift */,
				5E52FC7024C195290050A5B7 /* WatchListView.swift */,
				5E52FC7224C1953E0050A5B7 /* FavouritesListView.swift */,
				5E52FC7424C195570050A5B7 /* SettingsView.swift */,
				5E4F5F5624C70C3900F4AC86 /* MovieListRow.swift */,
			);
			path = Screens;
			sourceTree = "<group>";
		};
		6B920CC859781AEDEE000CDF /* Pods */ = {
			isa = PBXGroup;
			children = (
				93758230FD834D69B0C0F44F /* Pods-Romato.debug.xcconfig */,
				25EE694A440B80CE981CD1F7 /* Pods-Romato.release.xcconfig */,
				E399E69B9839BCC2201E657E /* Pods-Romato-RomatoUITests.debug.xcconfig */,
				D0516CDCA7E22E63CFFFC97B /* Pods-Romato-RomatoUITests.release.xcconfig */,
				CA2E04F9BD394CFD989521FC /* Pods-RomatoTests.debug.xcconfig */,
				43B752BA89A66C22CAF6BE08 /* Pods-RomatoTests.release.xcconfig */,
			);
			path = Pods;
			sourceTree = "<group>";
		};
		CA76F2EAA37538670F4835AA /* Frameworks */ = {
			isa = PBXGroup;
			children = (
				27F1CCAB8BCF9F172CD072E2 /* Pods_Romato.framework */,
				4616CF75A7DF99E2137B4B6D /* Pods_Romato_RomatoUITests.framework */,
				4A1FC5588C4CC8DDD02D0F5B /* Pods_RomatoTests.framework */,
			);
			name = Frameworks;
			sourceTree = "<group>";
		};
/* End PBXGroup section */

/* Begin PBXNativeTarget section */
		5E5CB2AF24BD95FE0032C3B1 /* Romato */ = {
			isa = PBXNativeTarget;
			buildConfigurationList = 5E5CB2DA24BD96010032C3B1 /* Build configuration list for PBXNativeTarget "Romato" */;
			buildPhases = (
				6BED792463B3339187908CD0 /* [CP] Check Pods Manifest.lock */,
				5E5CB2AC24BD95FE0032C3B1 /* Sources */,
				5E5CB2AD24BD95FE0032C3B1 /* Frameworks */,
				5E5CB2AE24BD95FE0032C3B1 /* Resources */,
				8A20D8169A40D3FE71712C98 /* [CP] Embed Pods Frameworks */,
			);
			buildRules = (
			);
			dependencies = (
			);
			name = Romato;
			productName = Romato;
			productReference = 5E5CB2B024BD95FE0032C3B1 /* Romato.app */;
			productType = "com.apple.product-type.application";
		};
		5E5CB2C524BD96010032C3B1 /* RomatoTests */ = {
			isa = PBXNativeTarget;
			buildConfigurationList = 5E5CB2DD24BD96010032C3B1 /* Build configuration list for PBXNativeTarget "RomatoTests" */;
			buildPhases = (
				1338BA21428523F7D2AEDD8A /* [CP] Check Pods Manifest.lock */,
				5E5CB2C224BD96010032C3B1 /* Sources */,
				5E5CB2C324BD96010032C3B1 /* Frameworks */,
				5E5CB2C424BD96010032C3B1 /* Resources */,
			);
			buildRules = (
			);
			dependencies = (
				5E5CB2C824BD96010032C3B1 /* PBXTargetDependency */,
			);
			name = RomatoTests;
			productName = RomatoTests;
			productReference = 5E5CB2C624BD96010032C3B1 /* RomatoTests.xctest */;
			productType = "com.apple.product-type.bundle.unit-test";
		};
		5E5CB2D024BD96010032C3B1 /* RomatoUITests */ = {
			isa = PBXNativeTarget;
			buildConfigurationList = 5E5CB2E024BD96010032C3B1 /* Build configuration list for PBXNativeTarget "RomatoUITests" */;
			buildPhases = (
				57E66315165C38AAE37649D4 /* [CP] Check Pods Manifest.lock */,
				5E5CB2CD24BD96010032C3B1 /* Sources */,
				5E5CB2CE24BD96010032C3B1 /* Frameworks */,
				5E5CB2CF24BD96010032C3B1 /* Resources */,
				4C19FAC57385B056560F4C6D /* [CP] Embed Pods Frameworks */,
			);
			buildRules = (
			);
			dependencies = (
				5E5CB2D324BD96010032C3B1 /* PBXTargetDependency */,
			);
			name = RomatoUITests;
			productName = RomatoUITests;
			productReference = 5E5CB2D124BD96010032C3B1 /* RomatoUITests.xctest */;
			productType = "com.apple.product-type.bundle.ui-testing";
		};
/* End PBXNativeTarget section */

/* Begin PBXProject section */
		5E5CB2A824BD95FE0032C3B1 /* Project object */ = {
			isa = PBXProject;
			attributes = {
				LastSwiftUpdateCheck = 1150;
				LastUpgradeCheck = 1150;
				ORGANIZATIONNAME = "Jithin M";
				TargetAttributes = {
					5E5CB2AF24BD95FE0032C3B1 = {
						CreatedOnToolsVersion = 11.5;
					};
					5E5CB2C524BD96010032C3B1 = {
						CreatedOnToolsVersion = 11.5;
						TestTargetID = 5E5CB2AF24BD95FE0032C3B1;
					};
					5E5CB2D024BD96010032C3B1 = {
						CreatedOnToolsVersion = 11.5;
						TestTargetID = 5E5CB2AF24BD95FE0032C3B1;
					};
				};
			};
			buildConfigurationList = 5E5CB2AB24BD95FE0032C3B1 /* Build configuration list for PBXProject "Romato" */;
			compatibilityVersion = "Xcode 9.3";
			developmentRegion = en;
			hasScannedForEncodings = 0;
			knownRegions = (
				en,
				Base,
			);
			mainGroup = 5E5CB2A724BD95FE0032C3B1;
			productRefGroup = 5E5CB2B124BD95FE0032C3B1 /* Products */;
			projectDirPath = "";
			projectRoot = "";
			targets = (
				5E5CB2AF24BD95FE0032C3B1 /* Romato */,
				5E5CB2C524BD96010032C3B1 /* RomatoTests */,
				5E5CB2D024BD96010032C3B1 /* RomatoUITests */,
			);
		};
/* End PBXProject section */

/* Begin PBXResourcesBuildPhase section */
		5E5CB2AE24BD95FE0032C3B1 /* Resources */ = {
			isa = PBXResourcesBuildPhase;
			buildActionMask = 2147483647;
			files = (
				5E5CB2C024BD96010032C3B1 /* LaunchScreen.storyboard in Resources */,
				5E5CB2BD24BD96010032C3B1 /* Preview Assets.xcassets in Resources */,
				5E5CB2BA24BD96010032C3B1 /* Assets.xcassets in Resources */,
			);
			runOnlyForDeploymentPostprocessing = 0;
		};
		5E5CB2C424BD96010032C3B1 /* Resources */ = {
			isa = PBXResourcesBuildPhase;
			buildActionMask = 2147483647;
			files = (
			);
			runOnlyForDeploymentPostprocessing = 0;
		};
		5E5CB2CF24BD96010032C3B1 /* Resources */ = {
			isa = PBXResourcesBuildPhase;
			buildActionMask = 2147483647;
			files = (
			);
			runOnlyForDeploymentPostprocessing = 0;
		};
/* End PBXResourcesBuildPhase section */

/* Begin PBXShellScriptBuildPhase section */
		1338BA21428523F7D2AEDD8A /* [CP] Check Pods Manifest.lock */ = {
			isa = PBXShellScriptBuildPhase;
			buildActionMask = 2147483647;
			files = (
			);
			inputFileListPaths = (
			);
			inputPaths = (
				"${PODS_PODFILE_DIR_PATH}/Podfile.lock",
				"${PODS_ROOT}/Manifest.lock",
			);
			name = "[CP] Check Pods Manifest.lock";
			outputFileListPaths = (
			);
			outputPaths = (
				"$(DERIVED_FILE_DIR)/Pods-RomatoTests-checkManifestLockResult.txt",
			);
			runOnlyForDeploymentPostprocessing = 0;
			shellPath = /bin/sh;
			shellScript = "diff \"${PODS_PODFILE_DIR_PATH}/Podfile.lock\" \"${PODS_ROOT}/Manifest.lock\" > /dev/null\nif [ $? != 0 ] ; then\n    # print error to STDERR\n    echo \"error: The sandbox is not in sync with the Podfile.lock. Run 'pod install' or update your CocoaPods installation.\" >&2\n    exit 1\nfi\n# This output is used by Xcode 'outputs' to avoid re-running this script phase.\necho \"SUCCESS\" > \"${SCRIPT_OUTPUT_FILE_0}\"\n";
			showEnvVarsInLog = 0;
		};
		4C19FAC57385B056560F4C6D /* [CP] Embed Pods Frameworks */ = {
			isa = PBXShellScriptBuildPhase;
			buildActionMask = 2147483647;
			files = (
			);
			inputFileListPaths = (
				"${PODS_ROOT}/Target Support Files/Pods-Romato-RomatoUITests/Pods-Romato-RomatoUITests-frameworks-${CONFIGURATION}-input-files.xcfilelist",
			);
			name = "[CP] Embed Pods Frameworks";
			outputFileListPaths = (
				"${PODS_ROOT}/Target Support Files/Pods-Romato-RomatoUITests/Pods-Romato-RomatoUITests-frameworks-${CONFIGURATION}-output-files.xcfilelist",
			);
			runOnlyForDeploymentPostprocessing = 0;
			shellPath = /bin/sh;
			shellScript = "\"${PODS_ROOT}/Target Support Files/Pods-Romato-RomatoUITests/Pods-Romato-RomatoUITests-frameworks.sh\"\n";
			showEnvVarsInLog = 0;
		};
		57E66315165C38AAE37649D4 /* [CP] Check Pods Manifest.lock */ = {
			isa = PBXShellScriptBuildPhase;
			buildActionMask = 2147483647;
			files = (
			);
			inputFileListPaths = (
			);
			inputPaths = (
				"${PODS_PODFILE_DIR_PATH}/Podfile.lock",
				"${PODS_ROOT}/Manifest.lock",
			);
			name = "[CP] Check Pods Manifest.lock";
			outputFileListPaths = (
			);
			outputPaths = (
				"$(DERIVED_FILE_DIR)/Pods-Romato-RomatoUITests-checkManifestLockResult.txt",
			);
			runOnlyForDeploymentPostprocessing = 0;
			shellPath = /bin/sh;
			shellScript = "diff \"${PODS_PODFILE_DIR_PATH}/Podfile.lock\" \"${PODS_ROOT}/Manifest.lock\" > /dev/null\nif [ $? != 0 ] ; then\n    # print error to STDERR\n    echo \"error: The sandbox is not in sync with the Podfile.lock. Run 'pod install' or update your CocoaPods installation.\" >&2\n    exit 1\nfi\n# This output is used by Xcode 'outputs' to avoid re-running this script phase.\necho \"SUCCESS\" > \"${SCRIPT_OUTPUT_FILE_0}\"\n";
			showEnvVarsInLog = 0;
		};
		6BED792463B3339187908CD0 /* [CP] Check Pods Manifest.lock */ = {
			isa = PBXShellScriptBuildPhase;
			buildActionMask = 2147483647;
			files = (
			);
			inputFileListPaths = (
			);
			inputPaths = (
				"${PODS_PODFILE_DIR_PATH}/Podfile.lock",
				"${PODS_ROOT}/Manifest.lock",
			);
			name = "[CP] Check Pods Manifest.lock";
			outputFileListPaths = (
			);
			outputPaths = (
				"$(DERIVED_FILE_DIR)/Pods-Romato-checkManifestLockResult.txt",
			);
			runOnlyForDeploymentPostprocessing = 0;
			shellPath = /bin/sh;
			shellScript = "diff \"${PODS_PODFILE_DIR_PATH}/Podfile.lock\" \"${PODS_ROOT}/Manifest.lock\" > /dev/null\nif [ $? != 0 ] ; then\n    # print error to STDERR\n    echo \"error: The sandbox is not in sync with the Podfile.lock. Run 'pod install' or update your CocoaPods installation.\" >&2\n    exit 1\nfi\n# This output is used by Xcode 'outputs' to avoid re-running this script phase.\necho \"SUCCESS\" > \"${SCRIPT_OUTPUT_FILE_0}\"\n";
			showEnvVarsInLog = 0;
		};
		8A20D8169A40D3FE71712C98 /* [CP] Embed Pods Frameworks */ = {
			isa = PBXShellScriptBuildPhase;
			buildActionMask = 2147483647;
			files = (
			);
			inputFileListPaths = (
				"${PODS_ROOT}/Target Support Files/Pods-Romato/Pods-Romato-frameworks-${CONFIGURATION}-input-files.xcfilelist",
			);
			name = "[CP] Embed Pods Frameworks";
			outputFileListPaths = (
				"${PODS_ROOT}/Target Support Files/Pods-Romato/Pods-Romato-frameworks-${CONFIGURATION}-output-files.xcfilelist",
			);
			runOnlyForDeploymentPostprocessing = 0;
			shellPath = /bin/sh;
			shellScript = "\"${PODS_ROOT}/Target Support Files/Pods-Romato/Pods-Romato-frameworks.sh\"\n";
			showEnvVarsInLog = 0;
		};
/* End PBXShellScriptBuildPhase section */

/* Begin PBXSourcesBuildPhase section */
		5E5CB2AC24BD95FE0032C3B1 /* Sources */ = {
			isa = PBXSourcesBuildPhase;
			buildActionMask = 2147483647;
			files = (
				5E4F5F5524C5775600F4AC86 /* MovieModel.swift in Sources */,
				5E4F5F5724C70C3900F4AC86 /* MovieListRow.swift in Sources */,
				5E4F5F5324C4E73E00F4AC86 /* NetworkService.swift in Sources */,
				5E5CB2B424BD95FE0032C3B1 /* AppDelegate.swift in Sources */,
				5EE7BD3E24CEDB91009256A5 /* URLSession+Extension.swift in Sources */,
				5E5CB2B624BD95FE0032C3B1 /* SceneDelegate.swift in Sources */,
				5E4F5F5924C710EC00F4AC86 /* MovieListViewModel.swift in Sources */,
				5E52FC7324C1953E0050A5B7 /* FavouritesListView.swift in Sources */,
				5E52FC7524C195570050A5B7 /* SettingsView.swift in Sources */,
				5EE7BD4024CF062F009256A5 /* PosterImage.swift in Sources */,
				5EE7BD4924D0027D009256A5 /* RTActivityIndicatorView.swift in Sources */,
				5E0F718224D4A2C600BB64DF /* CoreDataPublisher.swift in Sources */,
				5E52FC7124C195290050A5B7 /* WatchListView.swift in Sources */,
				5E4F5F5124C4DD7500F4AC86 /* UrlUtility.swift in Sources */,
				5E52FC6B24C18B3D0050A5B7 /* RTTabView.swift in Sources */,
				5E52FC6D24C195080050A5B7 /* HomeView.swift in Sources */,
				5E4F5F5B24C84C2400F4AC86 /* LazyImageView.swift in Sources */,
				5E4F5F5D24C8504300F4AC86 /* ImageLoadService.swift in Sources */,
				5E52FC6F24C195150050A5B7 /* SearchView.swift in Sources */,
				5E0F718024D415E900BB64DF /* RealmDataManager.swift in Sources */,
			);
			runOnlyForDeploymentPostprocessing = 0;
		};
		5E5CB2C224BD96010032C3B1 /* Sources */ = {
			isa = PBXSourcesBuildPhase;
			buildActionMask = 2147483647;
			files = (
				5E5CB2CB24BD96010032C3B1 /* RomatoTests.swift in Sources */,
			);
			runOnlyForDeploymentPostprocessing = 0;
		};
		5E5CB2CD24BD96010032C3B1 /* Sources */ = {
			isa = PBXSourcesBuildPhase;
			buildActionMask = 2147483647;
			files = (
				5E5CB2D624BD96010032C3B1 /* RomatoUITests.swift in Sources */,
			);
			runOnlyForDeploymentPostprocessing = 0;
		};
/* End PBXSourcesBuildPhase section */

/* Begin PBXTargetDependency section */
		5E5CB2C824BD96010032C3B1 /* PBXTargetDependency */ = {
			isa = PBXTargetDependency;
			target = 5E5CB2AF24BD95FE0032C3B1 /* Romato */;
			targetProxy = 5E5CB2C724BD96010032C3B1 /* PBXContainerItemProxy */;
		};
		5E5CB2D324BD96010032C3B1 /* PBXTargetDependency */ = {
			isa = PBXTargetDependency;
			target = 5E5CB2AF24BD95FE0032C3B1 /* Romato */;
			targetProxy = 5E5CB2D224BD96010032C3B1 /* PBXContainerItemProxy */;
		};
/* End PBXTargetDependency section */

/* Begin PBXVariantGroup section */
		5E5CB2BE24BD96010032C3B1 /* LaunchScreen.storyboard */ = {
			isa = PBXVariantGroup;
			children = (
				5E5CB2BF24BD96010032C3B1 /* Base */,
			);
			name = LaunchScreen.storyboard;
			sourceTree = "<group>";
		};
/* End PBXVariantGroup section */

/* Begin XCBuildConfiguration section */
		5E5CB2D824BD96010032C3B1 /* Debug */ = {
			isa = XCBuildConfiguration;
			buildSettings = {
				ALWAYS_SEARCH_USER_PATHS = NO;
				CLANG_ANALYZER_NONNULL = YES;
				CLANG_ANALYZER_NUMBER_OBJECT_CONVERSION = YES_AGGRESSIVE;
				CLANG_CXX_LANGUAGE_STANDARD = "gnu++14";
				CLANG_CXX_LIBRARY = "libc++";
				CLANG_ENABLE_MODULES = YES;
				CLANG_ENABLE_OBJC_ARC = YES;
				CLANG_ENABLE_OBJC_WEAK = YES;
				CLANG_WARN_BLOCK_CAPTURE_AUTORELEASING = YES;
				CLANG_WARN_BOOL_CONVERSION = YES;
				CLANG_WARN_COMMA = YES;
				CLANG_WARN_CONSTANT_CONVERSION = YES;
				CLANG_WARN_DEPRECATED_OBJC_IMPLEMENTATIONS = YES;
				CLANG_WARN_DIRECT_OBJC_ISA_USAGE = YES_ERROR;
				CLANG_WARN_DOCUMENTATION_COMMENTS = YES;
				CLANG_WARN_EMPTY_BODY = YES;
				CLANG_WARN_ENUM_CONVERSION = YES;
				CLANG_WARN_INFINITE_RECURSION = YES;
				CLANG_WARN_INT_CONVERSION = YES;
				CLANG_WARN_NON_LITERAL_NULL_CONVERSION = YES;
				CLANG_WARN_OBJC_IMPLICIT_RETAIN_SELF = YES;
				CLANG_WARN_OBJC_LITERAL_CONVERSION = YES;
				CLANG_WARN_OBJC_ROOT_CLASS = YES_ERROR;
				CLANG_WARN_RANGE_LOOP_ANALYSIS = YES;
				CLANG_WARN_STRICT_PROTOTYPES = YES;
				CLANG_WARN_SUSPICIOUS_MOVE = YES;
				CLANG_WARN_UNGUARDED_AVAILABILITY = YES_AGGRESSIVE;
				CLANG_WARN_UNREACHABLE_CODE = YES;
				CLANG_WARN__DUPLICATE_METHOD_MATCH = YES;
				COPY_PHASE_STRIP = NO;
				DEBUG_INFORMATION_FORMAT = dwarf;
				ENABLE_STRICT_OBJC_MSGSEND = YES;
				ENABLE_TESTABILITY = YES;
				GCC_C_LANGUAGE_STANDARD = gnu11;
				GCC_DYNAMIC_NO_PIC = NO;
				GCC_NO_COMMON_BLOCKS = YES;
				GCC_OPTIMIZATION_LEVEL = 0;
				GCC_PREPROCESSOR_DEFINITIONS = (
					"DEBUG=1",
					"$(inherited)",
				);
				GCC_WARN_64_TO_32_BIT_CONVERSION = YES;
				GCC_WARN_ABOUT_RETURN_TYPE = YES_ERROR;
				GCC_WARN_UNDECLARED_SELECTOR = YES;
				GCC_WARN_UNINITIALIZED_AUTOS = YES_AGGRESSIVE;
				GCC_WARN_UNUSED_FUNCTION = YES;
				GCC_WARN_UNUSED_VARIABLE = YES;
				IPHONEOS_DEPLOYMENT_TARGET = 13.5;
				MTL_ENABLE_DEBUG_INFO = INCLUDE_SOURCE;
				MTL_FAST_MATH = YES;
				ONLY_ACTIVE_ARCH = YES;
				SDKROOT = iphoneos;
				SWIFT_ACTIVE_COMPILATION_CONDITIONS = DEBUG;
				SWIFT_OPTIMIZATION_LEVEL = "-Onone";
			};
			name = Debug;
		};
		5E5CB2D924BD96010032C3B1 /* Release */ = {
			isa = XCBuildConfiguration;
			buildSettings = {
				ALWAYS_SEARCH_USER_PATHS = NO;
				CLANG_ANALYZER_NONNULL = YES;
				CLANG_ANALYZER_NUMBER_OBJECT_CONVERSION = YES_AGGRESSIVE;
				CLANG_CXX_LANGUAGE_STANDARD = "gnu++14";
				CLANG_CXX_LIBRARY = "libc++";
				CLANG_ENABLE_MODULES = YES;
				CLANG_ENABLE_OBJC_ARC = YES;
				CLANG_ENABLE_OBJC_WEAK = YES;
				CLANG_WARN_BLOCK_CAPTURE_AUTORELEASING = YES;
				CLANG_WARN_BOOL_CONVERSION = YES;
				CLANG_WARN_COMMA = YES;
				CLANG_WARN_CONSTANT_CONVERSION = YES;
				CLANG_WARN_DEPRECATED_OBJC_IMPLEMENTATIONS = YES;
				CLANG_WARN_DIRECT_OBJC_ISA_USAGE = YES_ERROR;
				CLANG_WARN_DOCUMENTATION_COMMENTS = YES;
				CLANG_WARN_EMPTY_BODY = YES;
				CLANG_WARN_ENUM_CONVERSION = YES;
				CLANG_WARN_INFINITE_RECURSION = YES;
				CLANG_WARN_INT_CONVERSION = YES;
				CLANG_WARN_NON_LITERAL_NULL_CONVERSION = YES;
				CLANG_WARN_OBJC_IMPLICIT_RETAIN_SELF = YES;
				CLANG_WARN_OBJC_LITERAL_CONVERSION = YES;
				CLANG_WARN_OBJC_ROOT_CLASS = YES_ERROR;
				CLANG_WARN_RANGE_LOOP_ANALYSIS = YES;
				CLANG_WARN_STRICT_PROTOTYPES = YES;
				CLANG_WARN_SUSPICIOUS_MOVE = YES;
				CLANG_WARN_UNGUARDED_AVAILABILITY = YES_AGGRESSIVE;
				CLANG_WARN_UNREACHABLE_CODE = YES;
				CLANG_WARN__DUPLICATE_METHOD_MATCH = YES;
				COPY_PHASE_STRIP = NO;
				DEBUG_INFORMATION_FORMAT = "dwarf-with-dsym";
				ENABLE_NS_ASSERTIONS = NO;
				ENABLE_STRICT_OBJC_MSGSEND = YES;
				GCC_C_LANGUAGE_STANDARD = gnu11;
				GCC_NO_COMMON_BLOCKS = YES;
				GCC_WARN_64_TO_32_BIT_CONVERSION = YES;
				GCC_WARN_ABOUT_RETURN_TYPE = YES_ERROR;
				GCC_WARN_UNDECLARED_SELECTOR = YES;
				GCC_WARN_UNINITIALIZED_AUTOS = YES_AGGRESSIVE;
				GCC_WARN_UNUSED_FUNCTION = YES;
				GCC_WARN_UNUSED_VARIABLE = YES;
				IPHONEOS_DEPLOYMENT_TARGET = 13.5;
				MTL_ENABLE_DEBUG_INFO = NO;
				MTL_FAST_MATH = YES;
				SDKROOT = iphoneos;
				SWIFT_COMPILATION_MODE = wholemodule;
				SWIFT_OPTIMIZATION_LEVEL = "-O";
				VALIDATE_PRODUCT = YES;
			};
			name = Release;
		};
		5E5CB2DB24BD96010032C3B1 /* Debug */ = {
			isa = XCBuildConfiguration;
			baseConfigurationReference = 93758230FD834D69B0C0F44F /* Pods-Romato.debug.xcconfig */;
			buildSettings = {
				ASSETCATALOG_COMPILER_APPICON_NAME = AppIcon;
				CODE_SIGN_STYLE = Automatic;
				DEVELOPMENT_ASSET_PATHS = "\"Romato/Preview Content\"";
				ENABLE_PREVIEWS = YES;
				INFOPLIST_FILE = Romato/Info.plist;
				LD_RUNPATH_SEARCH_PATHS = (
					"$(inherited)",
					"@executable_path/Frameworks",
				);
				PRODUCT_BUNDLE_IDENTIFIER = com.jithinm14.Romato;
				PRODUCT_NAME = "$(TARGET_NAME)";
				SWIFT_VERSION = 5.0;
				TARGETED_DEVICE_FAMILY = "1,2";
			};
			name = Debug;
		};
		5E5CB2DC24BD96010032C3B1 /* Release */ = {
			isa = XCBuildConfiguration;
			baseConfigurationReference = 25EE694A440B80CE981CD1F7 /* Pods-Romato.release.xcconfig */;
			buildSettings = {
				ASSETCATALOG_COMPILER_APPICON_NAME = AppIcon;
				CODE_SIGN_STYLE = Automatic;
				DEVELOPMENT_ASSET_PATHS = "\"Romato/Preview Content\"";
				ENABLE_PREVIEWS = YES;
				INFOPLIST_FILE = Romato/Info.plist;
				LD_RUNPATH_SEARCH_PATHS = (
					"$(inherited)",
					"@executable_path/Frameworks",
				);
				PRODUCT_BUNDLE_IDENTIFIER = com.jithinm14.Romato;
				PRODUCT_NAME = "$(TARGET_NAME)";
				SWIFT_VERSION = 5.0;
				TARGETED_DEVICE_FAMILY = "1,2";
			};
			name = Release;
		};
		5E5CB2DE24BD96010032C3B1 /* Debug */ = {
			isa = XCBuildConfiguration;
			baseConfigurationReference = CA2E04F9BD394CFD989521FC /* Pods-RomatoTests.debug.xcconfig */;
			buildSettings = {
				ALWAYS_EMBED_SWIFT_STANDARD_LIBRARIES = YES;
				BUNDLE_LOADER = "$(TEST_HOST)";
				CODE_SIGN_STYLE = Automatic;
				INFOPLIST_FILE = RomatoTests/Info.plist;
				IPHONEOS_DEPLOYMENT_TARGET = 13.5;
				LD_RUNPATH_SEARCH_PATHS = (
					"$(inherited)",
					"@executable_path/Frameworks",
					"@loader_path/Frameworks",
				);
				PRODUCT_BUNDLE_IDENTIFIER = com.jithinm14.RomatoTests;
				PRODUCT_NAME = "$(TARGET_NAME)";
				SWIFT_VERSION = 5.0;
				TARGETED_DEVICE_FAMILY = "1,2";
				TEST_HOST = "$(BUILT_PRODUCTS_DIR)/Romato.app/Romato";
			};
			name = Debug;
		};
		5E5CB2DF24BD96010032C3B1 /* Release */ = {
			isa = XCBuildConfiguration;
			baseConfigurationReference = 43B752BA89A66C22CAF6BE08 /* Pods-RomatoTests.release.xcconfig */;
			buildSettings = {
				ALWAYS_EMBED_SWIFT_STANDARD_LIBRARIES = YES;
				BUNDLE_LOADER = "$(TEST_HOST)";
				CODE_SIGN_STYLE = Automatic;
				INFOPLIST_FILE = RomatoTests/Info.plist;
				IPHONEOS_DEPLOYMENT_TARGET = 13.5;
				LD_RUNPATH_SEARCH_PATHS = (
					"$(inherited)",
					"@executable_path/Frameworks",
					"@loader_path/Frameworks",
				);
				PRODUCT_BUNDLE_IDENTIFIER = com.jithinm14.RomatoTests;
				PRODUCT_NAME = "$(TARGET_NAME)";
				SWIFT_VERSION = 5.0;
				TARGETED_DEVICE_FAMILY = "1,2";
				TEST_HOST = "$(BUILT_PRODUCTS_DIR)/Romato.app/Romato";
			};
			name = Release;
		};
		5E5CB2E124BD96010032C3B1 /* Debug */ = {
			isa = XCBuildConfiguration;
			baseConfigurationReference = E399E69B9839BCC2201E657E /* Pods-Romato-RomatoUITests.debug.xcconfig */;
			buildSettings = {
				ALWAYS_EMBED_SWIFT_STANDARD_LIBRARIES = YES;
				CODE_SIGN_STYLE = Automatic;
				INFOPLIST_FILE = RomatoUITests/Info.plist;
				LD_RUNPATH_SEARCH_PATHS = (
					"$(inherited)",
					"@executable_path/Frameworks",
					"@loader_path/Frameworks",
				);
				PRODUCT_BUNDLE_IDENTIFIER = com.jithinm14.RomatoUITests;
				PRODUCT_NAME = "$(TARGET_NAME)";
				SWIFT_VERSION = 5.0;
				TARGETED_DEVICE_FAMILY = "1,2";
				TEST_TARGET_NAME = Romato;
			};
			name = Debug;
		};
		5E5CB2E224BD96010032C3B1 /* Release */ = {
			isa = XCBuildConfiguration;
			baseConfigurationReference = D0516CDCA7E22E63CFFFC97B /* Pods-Romato-RomatoUITests.release.xcconfig */;
			buildSettings = {
				ALWAYS_EMBED_SWIFT_STANDARD_LIBRARIES = YES;
				CODE_SIGN_STYLE = Automatic;
				INFOPLIST_FILE = RomatoUITests/Info.plist;
				LD_RUNPATH_SEARCH_PATHS = (
					"$(inherited)",
					"@executable_path/Frameworks",
					"@loader_path/Frameworks",
				);
				PRODUCT_BUNDLE_IDENTIFIER = com.jithinm14.RomatoUITests;
				PRODUCT_NAME = "$(TARGET_NAME)";
				SWIFT_VERSION = 5.0;
				TARGETED_DEVICE_FAMILY = "1,2";
				TEST_TARGET_NAME = Romato;
			};
			name = Release;
		};
/* End XCBuildConfiguration section */

/* Begin XCConfigurationList section */
		5E5CB2AB24BD95FE0032C3B1 /* Build configuration list for PBXProject "Romato" */ = {
			isa = XCConfigurationList;
			buildConfigurations = (
				5E5CB2D824BD96010032C3B1 /* Debug */,
				5E5CB2D924BD96010032C3B1 /* Release */,
			);
			defaultConfigurationIsVisible = 0;
			defaultConfigurationName = Release;
		};
		5E5CB2DA24BD96010032C3B1 /* Build configuration list for PBXNativeTarget "Romato" */ = {
			isa = XCConfigurationList;
			buildConfigurations = (
				5E5CB2DB24BD96010032C3B1 /* Debug */,
				5E5CB2DC24BD96010032C3B1 /* Release */,
			);
			defaultConfigurationIsVisible = 0;
			defaultConfigurationName = Release;
		};
		5E5CB2DD24BD96010032C3B1 /* Build configuration list for PBXNativeTarget "RomatoTests" */ = {
			isa = XCConfigurationList;
			buildConfigurations = (
				5E5CB2DE24BD96010032C3B1 /* Debug */,
				5E5CB2DF24BD96010032C3B1 /* Release */,
			);
			defaultConfigurationIsVisible = 0;
			defaultConfigurationName = Release;
		};
		5E5CB2E024BD96010032C3B1 /* Build configuration list for PBXNativeTarget "RomatoUITests" */ = {
			isa = XCConfigurationList;
			buildConfigurations = (
				5E5CB2E124BD96010032C3B1 /* Debug */,
				5E5CB2E224BD96010032C3B1 /* Release */,
			);
			defaultConfigurationIsVisible = 0;
			defaultConfigurationName = Release;
		};
/* End XCConfigurationList section */
	};
	rootObject = 5E5CB2A824BD95FE0032C3B1 /* Project object */;
}
